
Microsoft Visual Studio Solution File, Format Version 12.00
# Visual Studio 15
VisualStudioVersion = 15.0.27130.0
MinimumVisualStudioVersion = 10.0.40219.1
Project("{FAE04EC0-301F-11D3-BF4B-00C04F79EFBC}") = "DockerTestImage", "DockerTestImage\DockerTestImage.csproj", "{8E1C3CC9-4738-43D4-B586-05417CC74D36}"
EndProject
Project("{E53339B2-1760-4266-BCC7-CA923CBCF16C}") = "docker-compose", "docker-compose.dcproj", "{4E8F6226-60CD-4C4F-93FE-172CFAAA9B44}"
EndProject
Global
	GlobalSection(SolutionConfigurationPlatforms) = preSolution
		Debug|Any CPU = Debug|Any CPU
		Release|Any CPU = Release|Any CPU
	EndGlobalSection
	GlobalSection(ProjectConfigurationPlatforms) = postSolution
		{8E1C3CC9-4738-43D4-B586-05417CC74D36}.Debug|Any CPU.ActiveCfg = Debug|Any CPU
		{8E1C3CC9-4738-43D4-B586-05417CC74D36}.Debug|Any CPU.Build.0 = Debug|Any CPU
		{8E1C3CC9-4738-43D4-B586-05417CC74D36}.Release|Any CPU.ActiveCfg = Release|Any CPU
		{8E1C3CC9-4738-43D4-B586-05417CC74D36}.Release|Any CPU.Build.0 = Release|Any CPU
		{4E8F6226-60CD-4C4F-93FE-172CFAAA9B44}.Debug|Any CPU.ActiveCfg = Debug|Any CPU
		{4E8F6226-60CD-4C4F-93FE-172CFAAA9B44}.Debug|Any CPU.Build.0 = Debug|Any CPU
		{4E8F6226-60CD-4C4F-93FE-172CFAAA9B44}.Release|Any CPU.ActiveCfg = Release|Any CPU
		{4E8F6226-60CD-4C4F-93FE-172CFAAA9B44}.Release|Any CPU.Build.0 = Release|Any CPU
	EndGlobalSection
	GlobalSection(SolutionProperties) = preSolution
		HideSolutionNode = FALSE
	EndGlobalSection
	GlobalSection(ExtensibilityGlobals) = postSolution
		SolutionGuid = {5C025356-E639-41CB-94F3-57982687EFFB}
	EndGlobalSection
EndGlobal
